
Microsoft Visual Studio Solution File, Format Version 12.00
# Visual Studio Version 16
VisualStudioVersion = 16.0.29411.108
MinimumVisualStudioVersion = 10.0.40219.1
Project("{FAE04EC0-301F-11D3-BF4B-00C04F79EFBC}") = "News App", "News App\News App.csproj", "{8E62A0C7-4E7D-4F3D-A403-69D601EAE0A9}"
EndProject
Global
	GlobalSection(SolutionConfigurationPlatforms) = preSolution
		Debug|Any CPU = Debug|Any CPU
		Release|Any CPU = Release|Any CPU
	EndGlobalSection
	GlobalSection(ProjectConfigurationPlatforms) = postSolution
		{8E62A0C7-4E7D-4F3D-A403-69D601EAE0A9}.Debug|Any CPU.ActiveCfg = Debug|Any CPU
		{8E62A0C7-4E7D-4F3D-A403-69D601EAE0A9}.Debug|Any CPU.Build.0 = Debug|Any CPU
		{8E62A0C7-4E7D-4F3D-A403-69D601EAE0A9}.Release|Any CPU.ActiveCfg = Release|Any CPU
		{8E62A0C7-4E7D-4F3D-A403-69D601EAE0A9}.Release|Any CPU.Build.0 = Release|Any CPU
	EndGlobalSection
	GlobalSection(SolutionProperties) = preSolution
		HideSolutionNode = FALSE
	EndGlobalSection
	GlobalSection(ExtensibilityGlobals) = postSolution
		SolutionGuid = {EFED5010-28F9-460E-918F-68E5AB0B1037}
	EndGlobalSection
EndGlobal
